
Microsoft Visual Studio Solution File, Format Version 12.00
# Visual Studio Version 16
VisualStudioVersion = 16.0.33027.164
MinimumVisualStudioVersion = 10.0.40219.1
Project("{FAE04EC0-301F-11D3-BF4B-00C04F79EFBC}") = "GodaddyApi", "GodaddyApi.csproj", "{400225B2-093F-42C4-A828-1E71AD5E3EF0}"
EndProject
Global
	GlobalSection(SolutionConfigurationPlatforms) = preSolution
		Debug|Any CPU = Debug|Any CPU
		Release|Any CPU = Release|Any CPU
	EndGlobalSection
	GlobalSection(ProjectConfigurationPlatforms) = postSolution
		{400225B2-093F-42C4-A828-1E71AD5E3EF0}.Debug|Any CPU.ActiveCfg = Debug|Any CPU
		{400225B2-093F-42C4-A828-1E71AD5E3EF0}.Debug|Any CPU.Build.0 = Debug|Any CPU
		{400225B2-093F-42C4-A828-1E71AD5E3EF0}.Release|Any CPU.ActiveCfg = Release|Any CPU
		{400225B2-093F-42C4-A828-1E71AD5E3EF0}.Release|Any CPU.Build.0 = Release|Any CPU
	EndGlobalSection
	GlobalSection(SolutionProperties) = preSolution
		HideSolutionNode = FALSE
	EndGlobalSection
	GlobalSection(ExtensibilityGlobals) = postSolution
		SolutionGuid = {A0B37328-B968-49AD-8C80-78D7752FFE63}
	EndGlobalSection
EndGlobal
